
Microsoft Visual Studio Solution File, Format Version 12.00
# Visual Studio Version 17
VisualStudioVersion = 17.7.34202.233
MinimumVisualStudioVersion = 10.0.40219.1
Project("{FAE04EC0-301F-11D3-BF4B-00C04F79EFBC}") = "ConsoleApplication", "ConsoleApplication.csproj", "{9BD118B6-DE92-4A6A-A595-4F606F76EC50}"
EndProject
Global
	GlobalSection(SolutionConfigurationPlatforms) = preSolution
		Debug|Any CPU = Debug|Any CPU
		Release|Any CPU = Release|Any CPU
	EndGlobalSection
	GlobalSection(ProjectConfigurationPlatforms) = postSolution
		{9BD118B6-DE92-4A6A-A595-4F606F76EC50}.Debug|Any CPU.ActiveCfg = Debug|Any CPU
		{9BD118B6-DE92-4A6A-A595-4F606F76EC50}.Debug|Any CPU.Build.0 = Debug|Any CPU
		{9BD118B6-DE92-4A6A-A595-4F606F76EC50}.Release|Any CPU.ActiveCfg = Release|Any CPU
		{9BD118B6-DE92-4A6A-A595-4F606F76EC50}.Release|Any CPU.Build.0 = Release|Any CPU
	EndGlobalSection
	GlobalSection(SolutionProperties) = preSolution
		HideSolutionNode = FALSE
	EndGlobalSection
	GlobalSection(ExtensibilityGlobals) = postSolution
		SolutionGuid = {D33542F3-D1E9-4962-B0FF-4E4733A2FC55}
	EndGlobalSection
EndGlobal
